
Microsoft Visual Studio Solution File, Format Version 12.00
# Visual Studio Version 17
VisualStudioVersion = 17.5.001.0
MinimumVisualStudioVersion = 10.0.40219.1
Project("{9A19103F-16F7-4668-BE54-9A1E7A4F7556}") = "MiniSignalServer", "MiniSignalServer.csproj", "{393B7FEF-1C16-4C80-9BF9-B305E8E682C2}"
EndProject
Global
	GlobalSection(SolutionConfigurationPlatforms) = preSolution
		Debug|Any CPU = Debug|Any CPU
		Release|Any CPU = Release|Any CPU
	EndGlobalSection
	GlobalSection(ProjectConfigurationPlatforms) = postSolution
		{393B7FEF-1C16-4C80-9BF9-B305E8E682C2}.Debug|Any CPU.ActiveCfg = Debug|Any CPU
		{393B7FEF-1C16-4C80-9BF9-B305E8E682C2}.Debug|Any CPU.Build.0 = Debug|Any CPU
		{393B7FEF-1C16-4C80-9BF9-B305E8E682C2}.Release|Any CPU.ActiveCfg = Release|Any CPU
		{393B7FEF-1C16-4C80-9BF9-B305E8E682C2}.Release|Any CPU.Build.0 = Release|Any CPU
	EndGlobalSection
	GlobalSection(SolutionProperties) = preSolution
		HideSolutionNode = FALSE
	EndGlobalSection
	GlobalSection(ExtensibilityGlobals) = postSolution
		SolutionGuid = {81B4FD34-77A0-4041-9A80-73DB7CB5986A}
	EndGlobalSection
EndGlobal
